
Microsoft Visual Studio Solution File, Format Version 12.00
# Visual Studio 14
VisualStudioVersion = 14.0.23107.0
MinimumVisualStudioVersion = 10.0.40219.1
Project("{FAE04EC0-301F-11D3-BF4B-00C04F79EFBC}") = "HOTEL", "HOTEL\HOTEL.csproj", "{68E786F5-ABD7-4DA3-933D-F6FAFAFC6E70}"
EndProject
Global
	GlobalSection(SolutionConfigurationPlatforms) = preSolution
		Debug|Any CPU = Debug|Any CPU
		Release|Any CPU = Release|Any CPU
	EndGlobalSection
	GlobalSection(ProjectConfigurationPlatforms) = postSolution
		{68E786F5-ABD7-4DA3-933D-F6FAFAFC6E70}.Debug|Any CPU.ActiveCfg = Debug|Any CPU
		{68E786F5-ABD7-4DA3-933D-F6FAFAFC6E70}.Debug|Any CPU.Build.0 = Debug|Any CPU
		{68E786F5-ABD7-4DA3-933D-F6FAFAFC6E70}.Release|Any CPU.ActiveCfg = Release|Any CPU
		{68E786F5-ABD7-4DA3-933D-F6FAFAFC6E70}.Release|Any CPU.Build.0 = Release|Any CPU
	EndGlobalSection
	GlobalSection(SolutionProperties) = preSolution
		HideSolutionNode = FALSE
	EndGlobalSection
	GlobalSection(ExtensibilityGlobals) = postSolution
		SolutionGuid = {A2A64777-E515-4F39-AEE8-11C6FCA71290}
	EndGlobalSection
EndGlobal
